
Microsoft Visual Studio Solution File, Format Version 12.00
# Visual Studio Version 17
VisualStudioVersion = 17.0.32112.339
MinimumVisualStudioVersion = 10.0.40219.1
Project("{FAE04EC0-301F-11D3-BF4B-00C04F79EFBC}") = "Uppdrag 3 v3", "Uppdrag 3 v3\Uppdrag 3 v3.csproj", "{F1F5F243-02E3-4C06-8B55-15A39C1B18E2}"
EndProject
Global
	GlobalSection(SolutionConfigurationPlatforms) = preSolution
		Debug|Any CPU = Debug|Any CPU
		Release|Any CPU = Release|Any CPU
	EndGlobalSection
	GlobalSection(ProjectConfigurationPlatforms) = postSolution
		{F1F5F243-02E3-4C06-8B55-15A39C1B18E2}.Debug|Any CPU.ActiveCfg = Debug|Any CPU
		{F1F5F243-02E3-4C06-8B55-15A39C1B18E2}.Debug|Any CPU.Build.0 = Debug|Any CPU
		{F1F5F243-02E3-4C06-8B55-15A39C1B18E2}.Release|Any CPU.ActiveCfg = Release|Any CPU
		{F1F5F243-02E3-4C06-8B55-15A39C1B18E2}.Release|Any CPU.Build.0 = Release|Any CPU
	EndGlobalSection
	GlobalSection(SolutionProperties) = preSolution
		HideSolutionNode = FALSE
	EndGlobalSection
	GlobalSection(ExtensibilityGlobals) = postSolution
		SolutionGuid = {327FB55A-63DD-415F-9D17-CC0A3E587BF0}
	EndGlobalSection
EndGlobal
